
Microsoft Visual Studio Solution File, Format Version 12.00
# Visual Studio 11
Project("{FAE04EC0-301F-11D3-BF4B-00C04F79EFBC}") = "LibVLC.NET", "LibVLC.NET\LibVLC.NET.csproj", "{BB06DFF7-4F41-4B9D-A3C3-3B6D2B8702B6}"
EndProject
Project("{2150E333-8FDC-42A3-9474-1A3956D46DE8}") = "Tests", "Tests", "{B65873B7-AE32-4ADE-ACAB-4E50FFBC5E09}"
EndProject
Project("{FAE04EC0-301F-11D3-BF4B-00C04F79EFBC}") = "Tutorial", "Tests\Tutorial\Tutorial.csproj", "{DF798890-A82D-4480-B571-1063E6B892F7}"
EndProject
Project("{FAE04EC0-301F-11D3-BF4B-00C04F79EFBC}") = "LibVLC.NET.Presentation", "LibVLC.NET.Presentation\LibVLC.NET.Presentation.csproj", "{D9558288-EE84-4DF2-A890-C3AA781364A4}"
EndProject
Project("{FAE04EC0-301F-11D3-BF4B-00C04F79EFBC}") = "TestPresentation", "Tests\TestPresentation\TestPresentation.csproj", "{6EFA517C-BCD3-422E-BE10-9960D5AEDBF7}"
EndProject
Global
	GlobalSection(SolutionConfigurationPlatforms) = preSolution
		Debug|Any CPU = Debug|Any CPU
		Debug|Mixed Platforms = Debug|Mixed Platforms
		Debug|x86 = Debug|x86
		Release|Any CPU = Release|Any CPU
		Release|Mixed Platforms = Release|Mixed Platforms
		Release|x86 = Release|x86
	EndGlobalSection
	GlobalSection(ProjectConfigurationPlatforms) = postSolution
		{6EFA517C-BCD3-422E-BE10-9960D5AEDBF7}.Debug|Any CPU.ActiveCfg = Debug|x86
		{6EFA517C-BCD3-422E-BE10-9960D5AEDBF7}.Debug|Mixed Platforms.ActiveCfg = Debug|x86
		{6EFA517C-BCD3-422E-BE10-9960D5AEDBF7}.Debug|Mixed Platforms.Build.0 = Debug|x86
		{6EFA517C-BCD3-422E-BE10-9960D5AEDBF7}.Debug|x86.ActiveCfg = Debug|x86
		{6EFA517C-BCD3-422E-BE10-9960D5AEDBF7}.Debug|x86.Build.0 = Debug|x86
		{6EFA517C-BCD3-422E-BE10-9960D5AEDBF7}.Release|Any CPU.ActiveCfg = Release|x86
		{6EFA517C-BCD3-422E-BE10-9960D5AEDBF7}.Release|Mixed Platforms.ActiveCfg = Release|x86
		{6EFA517C-BCD3-422E-BE10-9960D5AEDBF7}.Release|Mixed Platforms.Build.0 = Release|x86
		{6EFA517C-BCD3-422E-BE10-9960D5AEDBF7}.Release|x86.ActiveCfg = Release|x86
		{6EFA517C-BCD3-422E-BE10-9960D5AEDBF7}.Release|x86.Build.0 = Release|x86
		{BB06DFF7-4F41-4B9D-A3C3-3B6D2B8702B6}.Debug|Any CPU.ActiveCfg = Debug|x86
		{BB06DFF7-4F41-4B9D-A3C3-3B6D2B8702B6}.Debug|Mixed Platforms.ActiveCfg = Debug|x86
		{BB06DFF7-4F41-4B9D-A3C3-3B6D2B8702B6}.Debug|Mixed Platforms.Build.0 = Debug|x86
		{BB06DFF7-4F41-4B9D-A3C3-3B6D2B8702B6}.Debug|x86.ActiveCfg = Debug|x86
		{BB06DFF7-4F41-4B9D-A3C3-3B6D2B8702B6}.Debug|x86.Build.0 = Debug|x86
		{BB06DFF7-4F41-4B9D-A3C3-3B6D2B8702B6}.Release|Any CPU.ActiveCfg = Release|x86
		{BB06DFF7-4F41-4B9D-A3C3-3B6D2B8702B6}.Release|Mixed Platforms.ActiveCfg = Release|x86
		{BB06DFF7-4F41-4B9D-A3C3-3B6D2B8702B6}.Release|Mixed Platforms.Build.0 = Release|x86
		{BB06DFF7-4F41-4B9D-A3C3-3B6D2B8702B6}.Release|x86.ActiveCfg = Release|x86
		{BB06DFF7-4F41-4B9D-A3C3-3B6D2B8702B6}.Release|x86.Build.0 = Release|x86
		{D9558288-EE84-4DF2-A890-C3AA781364A4}.Debug|Any CPU.ActiveCfg = Debug|Any CPU
		{D9558288-EE84-4DF2-A890-C3AA781364A4}.Debug|Any CPU.Build.0 = Debug|Any CPU
		{D9558288-EE84-4DF2-A890-C3AA781364A4}.Debug|Mixed Platforms.ActiveCfg = Debug|Any CPU
		{D9558288-EE84-4DF2-A890-C3AA781364A4}.Debug|Mixed Platforms.Build.0 = Debug|Any CPU
		{D9558288-EE84-4DF2-A890-C3AA781364A4}.Debug|x86.ActiveCfg = Debug|Any CPU
		{D9558288-EE84-4DF2-A890-C3AA781364A4}.Release|Any CPU.ActiveCfg = Release|Any CPU
		{D9558288-EE84-4DF2-A890-C3AA781364A4}.Release|Any CPU.Build.0 = Release|Any CPU
		{D9558288-EE84-4DF2-A890-C3AA781364A4}.Release|Mixed Platforms.ActiveCfg = Release|Any CPU
		{D9558288-EE84-4DF2-A890-C3AA781364A4}.Release|Mixed Platforms.Build.0 = Release|Any CPU
		{D9558288-EE84-4DF2-A890-C3AA781364A4}.Release|x86.ActiveCfg = Release|Any CPU
		{DF798890-A82D-4480-B571-1063E6B892F7}.Debug|Any CPU.ActiveCfg = Debug|x86
		{DF798890-A82D-4480-B571-1063E6B892F7}.Debug|Mixed Platforms.ActiveCfg = Debug|x86
		{DF798890-A82D-4480-B571-1063E6B892F7}.Debug|Mixed Platforms.Build.0 = Debug|x86
		{DF798890-A82D-4480-B571-1063E6B892F7}.Debug|x86.ActiveCfg = Debug|x86
		{DF798890-A82D-4480-B571-1063E6B892F7}.Debug|x86.Build.0 = Debug|x86
		{DF798890-A82D-4480-B571-1063E6B892F7}.Release|Any CPU.ActiveCfg = Release|x86
		{DF798890-A82D-4480-B571-1063E6B892F7}.Release|Mixed Platforms.ActiveCfg = Release|x86
		{DF798890-A82D-4480-B571-1063E6B892F7}.Release|Mixed Platforms.Build.0 = Release|x86
		{DF798890-A82D-4480-B571-1063E6B892F7}.Release|x86.ActiveCfg = Release|x86
		{DF798890-A82D-4480-B571-1063E6B892F7}.Release|x86.Build.0 = Release|x86
	EndGlobalSection
	GlobalSection(SolutionProperties) = preSolution
		HideSolutionNode = FALSE
	EndGlobalSection
	GlobalSection(NestedProjects) = preSolution
		{6EFA517C-BCD3-422E-BE10-9960D5AEDBF7} = {B65873B7-AE32-4ADE-ACAB-4E50FFBC5E09}
		{DF798890-A82D-4480-B571-1063E6B892F7} = {B65873B7-AE32-4ADE-ACAB-4E50FFBC5E09}
	EndGlobalSection
EndGlobal
